[[package]]
name = "numpy"
version = "1.24.2"
description = "Fundamental package for array computing in Python"
category = "main"
optional = false
python-versions = ">=3.8"

[metadata]
lock-version = "1.1"
python-versions = "^3.9"
content-hash = "1370d7faf02f5de236d5fc11cd4eb7a3d1d45f3447c82700597d0f676fbc6229"

[metadata.files]
numpy = []
